
Microsoft Visual Studio Solution File, Format Version 12.00
# Visual Studio Version 17
VisualStudioVersion = 17.12.35527.113
MinimumVisualStudioVersion = 10.0.40219.1
Project("{FAE04EC0-301F-11D3-BF4B-00C04F79EFBC}") = "PrvaAplikacija", "PrvaAplikacija\PrvaAplikacija.csproj", "{BA52F305-B9B6-4944-8615-8FA47CDE7EC7}"
EndProject
Project("{FAE04EC0-301F-11D3-BF4B-00C04F79EFBC}") = "Varijable", "Varijable\Varijable.csproj", "{112F2019-4A20-4C90-BEF4-BFE7C7FFB6C1}"
EndProject
Project("{FAE04EC0-301F-11D3-BF4B-00C04F79EFBC}") = "OpsegPovrsinaKruga", "OpsegPovrsinaKruga\OpsegPovrsinaKruga.csproj", "{041F4A07-C836-4959-8AD1-3D6494182E55}"
EndProject
Project("{FAE04EC0-301F-11D3-BF4B-00C04F79EFBC}") = "Podatkovni_Tipovi", "Podatkovni_Tipovi\Podatkovni_Tipovi.csproj", "{8E7F23C2-5A76-4F1B-8395-B5F52E38815A}"
EndProject
Project("{FAE04EC0-301F-11D3-BF4B-00C04F79EFBC}") = "KontrolneNaredbe", "KontrolneNaredbe\KontrolneNaredbe.csproj", "{04455586-8FC9-48CF-92FF-DB587326E385}"
EndProject
Project("{FAE04EC0-301F-11D3-BF4B-00C04F79EFBC}") = "ProsjekOcjenaSKontrolom", "ProsjekOcjenaSKontrolom\ProsjekOcjenaSKontrolom.csproj", "{286E1DF2-CBFF-4ED2-B579-0EBF28EA64E9}"
EndProject
Project("{FAE04EC0-301F-11D3-BF4B-00C04F79EFBC}") = "BezuvijetniSkok", "BezuvijetniSkok\BezuvijetniSkok.csproj", "{EB2415F5-6C3E-4721-9B38-CCB94E04CFEC}"
EndProject
Project("{FAE04EC0-301F-11D3-BF4B-00C04F79EFBC}") = "Polja", "Polja\Polja.csproj", "{BDA9BAC7-E5BC-496A-A5EB-7471EDB8DF61}"
EndProject
Project("{FAE04EC0-301F-11D3-BF4B-00C04F79EFBC}") = "Loto", "Loto\Loto.csproj", "{CD7CA323-8033-4A0D-AA4F-C30BE6048E36}"
EndProject
Project("{FAE04EC0-301F-11D3-BF4B-00C04F79EFBC}") = "NajvisePonavljanja", "NajvisePonavljanja\NajvisePonavljanja.csproj", "{1A409D3A-A1E0-45C5-AA8E-C05496E5ED4A}"
EndProject
Project("{FAE04EC0-301F-11D3-BF4B-00C04F79EFBC}") = "Imena", "Imena\Imena.csproj", "{742A714D-3CF9-4CD4-AA05-5DAE0E2BAB6F}"
EndProject
Project("{FAE04EC0-301F-11D3-BF4B-00C04F79EFBC}") = "Operatori", "Operateri\Operatori.csproj", "{73482E13-9319-4FD4-ADB1-E48D75B36ADA}"
EndProject
Project("{FAE04EC0-301F-11D3-BF4B-00C04F79EFBC}") = "Trokut", "Trokut\Trokut.csproj", "{2D33B50A-251D-411E-8015-38F1EE124A48}"
EndProject
Project("{FAE04EC0-301F-11D3-BF4B-00C04F79EFBC}") = "GrananjeIF", "GrananjeIF\GrananjeIF.csproj", "{2971CE09-615A-4D14-B76D-21C51359BF01}"
EndProject
Project("{FAE04EC0-301F-11D3-BF4B-00C04F79EFBC}") = "Pumpa", "Pumpa\Pumpa.csproj", "{1B0747C9-A8AF-4DB9-ABAF-53FD12E5B619}"
EndProject
Project("{FAE04EC0-301F-11D3-BF4B-00C04F79EFBC}") = "GrananjeIF_ELSE", "GrananjeIF_ELSE\GrananjeIF_ELSE.csproj", "{421BACC5-8497-4023-933D-270563722C82}"
EndProject
Project("{FAE04EC0-301F-11D3-BF4B-00C04F79EFBC}") = "KvadratnaJednadzba", "KvadratnaJednadzba\KvadratnaJednadzba.csproj", "{93B05280-B9B7-4917-83AF-75AF75CDA594}"
EndProject
Project("{FAE04EC0-301F-11D3-BF4B-00C04F79EFBC}") = "GrananjeUgnjezdjeno", "GrananjeUgnjezdjeno\GrananjeUgnjezdjeno.csproj", "{41E29C2D-2E46-4B46-A949-BF620B7A8074}"
EndProject
Project("{FAE04EC0-301F-11D3-BF4B-00C04F79EFBC}") = "OcjenaIF", "OcjenaIF\OcjenaIF.csproj", "{9BA20664-1502-4F84-8D33-7D2E1A66FE84}"
EndProject
Project("{FAE04EC0-301F-11D3-BF4B-00C04F79EFBC}") = "GrananjeSwitch", "GrananjeSwitch\GrananjeSwitch.csproj", "{13B75255-8B69-4A50-94AE-A544D68C942E}"
EndProject
Project("{FAE04EC0-301F-11D3-BF4B-00C04F79EFBC}") = "OcjenaSwitch", "OcjenaSwitch\OcjenaSwitch.csproj", "{76B3BB16-FC61-4734-8CDD-C9D187D5A61D}"
EndProject
Project("{FAE04EC0-301F-11D3-BF4B-00C04F79EFBC}") = "PetljaFOR", "PetljaFOR\PetljaFOR.csproj", "{E4E9F974-AC05-4614-9984-D3D0048E658B}"
EndProject
Project("{FAE04EC0-301F-11D3-BF4B-00C04F79EFBC}") = "SumaPrvih100", "SumaPrvih100\SumaPrvih100.csproj", "{63066692-4CEF-4071-B3C4-DF38E1740C92}"
EndProject
Project("{FAE04EC0-301F-11D3-BF4B-00C04F79EFBC}") = "ProsjekOcjena", "ProsjekOcjena\ProsjekOcjena.csproj", "{BE3B0D71-4689-4E69-A957-7A7569D97175}"
EndProject
Project("{FAE04EC0-301F-11D3-BF4B-00C04F79EFBC}") = "Prost", "Prost\Prost.csproj", "{27DFE46F-8C7C-48D1-8769-F8DB83BA2932}"
EndProject
Project("{FAE04EC0-301F-11D3-BF4B-00C04F79EFBC}") = "DjeljiviS3URasponu", "DjeljiviS3URasponu\DjeljiviS3URasponu.csproj", "{B9833BE3-AA4A-42B9-9A6A-CC30D5292A6E}"
EndProject
Project("{FAE04EC0-301F-11D3-BF4B-00C04F79EFBC}") = "PetljaWHILE", "PetljaWHILE\PetljaWHILE.csproj", "{480CA81F-FA9D-44DC-B0BD-CC6CED28394B}"
EndProject
Project("{FAE04EC0-301F-11D3-BF4B-00C04F79EFBC}") = "ProsjekBrojeva", "ProsjekBrojeva\ProsjekBrojeva.csproj", "{BE2FE9B7-1F57-4725-AA77-B2288F44EE2D}"
EndProject
Global
	GlobalSection(SolutionConfigurationPlatforms) = preSolution
		Debug|Any CPU = Debug|Any CPU
		Release|Any CPU = Release|Any CPU
	EndGlobalSection
	GlobalSection(ProjectConfigurationPlatforms) = postSolution
		{BA52F305-B9B6-4944-8615-8FA47CDE7EC7}.Debug|Any CPU.ActiveCfg = Debug|Any CPU
		{BA52F305-B9B6-4944-8615-8FA47CDE7EC7}.Debug|Any CPU.Build.0 = Debug|Any CPU
		{BA52F305-B9B6-4944-8615-8FA47CDE7EC7}.Release|Any CPU.ActiveCfg = Release|Any CPU
		{BA52F305-B9B6-4944-8615-8FA47CDE7EC7}.Release|Any CPU.Build.0 = Release|Any CPU
		{112F2019-4A20-4C90-BEF4-BFE7C7FFB6C1}.Debug|Any CPU.ActiveCfg = Debug|Any CPU
		{112F2019-4A20-4C90-BEF4-BFE7C7FFB6C1}.Debug|Any CPU.Build.0 = Debug|Any CPU
		{112F2019-4A20-4C90-BEF4-BFE7C7FFB6C1}.Release|Any CPU.ActiveCfg = Release|Any CPU
		{112F2019-4A20-4C90-BEF4-BFE7C7FFB6C1}.Release|Any CPU.Build.0 = Release|Any CPU
		{041F4A07-C836-4959-8AD1-3D6494182E55}.Debug|Any CPU.ActiveCfg = Debug|Any CPU
		{041F4A07-C836-4959-8AD1-3D6494182E55}.Debug|Any CPU.Build.0 = Debug|Any CPU
		{041F4A07-C836-4959-8AD1-3D6494182E55}.Release|Any CPU.ActiveCfg = Release|Any CPU
		{041F4A07-C836-4959-8AD1-3D6494182E55}.Release|Any CPU.Build.0 = Release|Any CPU
		{8E7F23C2-5A76-4F1B-8395-B5F52E38815A}.Debug|Any CPU.ActiveCfg = Debug|Any CPU
		{8E7F23C2-5A76-4F1B-8395-B5F52E38815A}.Debug|Any CPU.Build.0 = Debug|Any CPU
		{8E7F23C2-5A76-4F1B-8395-B5F52E38815A}.Release|Any CPU.ActiveCfg = Release|Any CPU
		{8E7F23C2-5A76-4F1B-8395-B5F52E38815A}.Release|Any CPU.Build.0 = Release|Any CPU
		{04455586-8FC9-48CF-92FF-DB587326E385}.Debug|Any CPU.ActiveCfg = Debug|Any CPU
		{04455586-8FC9-48CF-92FF-DB587326E385}.Debug|Any CPU.Build.0 = Debug|Any CPU
		{04455586-8FC9-48CF-92FF-DB587326E385}.Release|Any CPU.ActiveCfg = Release|Any CPU
		{04455586-8FC9-48CF-92FF-DB587326E385}.Release|Any CPU.Build.0 = Release|Any CPU
		{286E1DF2-CBFF-4ED2-B579-0EBF28EA64E9}.Debug|Any CPU.ActiveCfg = Debug|Any CPU
		{286E1DF2-CBFF-4ED2-B579-0EBF28EA64E9}.Debug|Any CPU.Build.0 = Debug|Any CPU
		{286E1DF2-CBFF-4ED2-B579-0EBF28EA64E9}.Release|Any CPU.ActiveCfg = Release|Any CPU
		{286E1DF2-CBFF-4ED2-B579-0EBF28EA64E9}.Release|Any CPU.Build.0 = Release|Any CPU
		{EB2415F5-6C3E-4721-9B38-CCB94E04CFEC}.Debug|Any CPU.ActiveCfg = Debug|Any CPU
		{EB2415F5-6C3E-4721-9B38-CCB94E04CFEC}.Debug|Any CPU.Build.0 = Debug|Any CPU
		{EB2415F5-6C3E-4721-9B38-CCB94E04CFEC}.Release|Any CPU.ActiveCfg = Release|Any CPU
		{EB2415F5-6C3E-4721-9B38-CCB94E04CFEC}.Release|Any CPU.Build.0 = Release|Any CPU
		{BDA9BAC7-E5BC-496A-A5EB-7471EDB8DF61}.Debug|Any CPU.ActiveCfg = Debug|Any CPU
		{BDA9BAC7-E5BC-496A-A5EB-7471EDB8DF61}.Debug|Any CPU.Build.0 = Debug|Any CPU
		{BDA9BAC7-E5BC-496A-A5EB-7471EDB8DF61}.Release|Any CPU.ActiveCfg = Release|Any CPU
		{BDA9BAC7-E5BC-496A-A5EB-7471EDB8DF61}.Release|Any CPU.Build.0 = Release|Any CPU
		{CD7CA323-8033-4A0D-AA4F-C30BE6048E36}.Debug|Any CPU.ActiveCfg = Debug|Any CPU
		{CD7CA323-8033-4A0D-AA4F-C30BE6048E36}.Debug|Any CPU.Build.0 = Debug|Any CPU
		{CD7CA323-8033-4A0D-AA4F-C30BE6048E36}.Release|Any CPU.ActiveCfg = Release|Any CPU
		{CD7CA323-8033-4A0D-AA4F-C30BE6048E36}.Release|Any CPU.Build.0 = Release|Any CPU
		{1A409D3A-A1E0-45C5-AA8E-C05496E5ED4A}.Debug|Any CPU.ActiveCfg = Debug|Any CPU
		{1A409D3A-A1E0-45C5-AA8E-C05496E5ED4A}.Debug|Any CPU.Build.0 = Debug|Any CPU
		{1A409D3A-A1E0-45C5-AA8E-C05496E5ED4A}.Release|Any CPU.ActiveCfg = Release|Any CPU
		{1A409D3A-A1E0-45C5-AA8E-C05496E5ED4A}.Release|Any CPU.Build.0 = Release|Any CPU
		{742A714D-3CF9-4CD4-AA05-5DAE0E2BAB6F}.Debug|Any CPU.ActiveCfg = Debug|Any CPU
		{742A714D-3CF9-4CD4-AA05-5DAE0E2BAB6F}.Debug|Any CPU.Build.0 = Debug|Any CPU
		{742A714D-3CF9-4CD4-AA05-5DAE0E2BAB6F}.Release|Any CPU.ActiveCfg = Release|Any CPU
		{742A714D-3CF9-4CD4-AA05-5DAE0E2BAB6F}.Release|Any CPU.Build.0 = Release|Any CPU
		{73482E13-9319-4FD4-ADB1-E48D75B36ADA}.Debug|Any CPU.ActiveCfg = Debug|Any CPU
		{73482E13-9319-4FD4-ADB1-E48D75B36ADA}.Debug|Any CPU.Build.0 = Debug|Any CPU
		{73482E13-9319-4FD4-ADB1-E48D75B36ADA}.Release|Any CPU.ActiveCfg = Release|Any CPU
		{73482E13-9319-4FD4-ADB1-E48D75B36ADA}.Release|Any CPU.Build.0 = Release|Any CPU
		{2D33B50A-251D-411E-8015-38F1EE124A48}.Debug|Any CPU.ActiveCfg = Debug|Any CPU
		{2D33B50A-251D-411E-8015-38F1EE124A48}.Debug|Any CPU.Build.0 = Debug|Any CPU
		{2D33B50A-251D-411E-8015-38F1EE124A48}.Release|Any CPU.ActiveCfg = Release|Any CPU
		{2D33B50A-251D-411E-8015-38F1EE124A48}.Release|Any CPU.Build.0 = Release|Any CPU
		{2971CE09-615A-4D14-B76D-21C51359BF01}.Debug|Any CPU.ActiveCfg = Debug|Any CPU
		{2971CE09-615A-4D14-B76D-21C51359BF01}.Debug|Any CPU.Build.0 = Debug|Any CPU
		{2971CE09-615A-4D14-B76D-21C51359BF01}.Release|Any CPU.ActiveCfg = Release|Any CPU
		{2971CE09-615A-4D14-B76D-21C51359BF01}.Release|Any CPU.Build.0 = Release|Any CPU
		{1B0747C9-A8AF-4DB9-ABAF-53FD12E5B619}.Debug|Any CPU.ActiveCfg = Debug|Any CPU
		{1B0747C9-A8AF-4DB9-ABAF-53FD12E5B619}.Debug|Any CPU.Build.0 = Debug|Any CPU
		{1B0747C9-A8AF-4DB9-ABAF-53FD12E5B619}.Release|Any CPU.ActiveCfg = Release|Any CPU
		{1B0747C9-A8AF-4DB9-ABAF-53FD12E5B619}.Release|Any CPU.Build.0 = Release|Any CPU
		{421BACC5-8497-4023-933D-270563722C82}.Debug|Any CPU.ActiveCfg = Debug|Any CPU
		{421BACC5-8497-4023-933D-270563722C82}.Debug|Any CPU.Build.0 = Debug|Any CPU
		{421BACC5-8497-4023-933D-270563722C82}.Release|Any CPU.ActiveCfg = Release|Any CPU
		{421BACC5-8497-4023-933D-270563722C82}.Release|Any CPU.Build.0 = Release|Any CPU
		{93B05280-B9B7-4917-83AF-75AF75CDA594}.Debug|Any CPU.ActiveCfg = Debug|Any CPU
		{93B05280-B9B7-4917-83AF-75AF75CDA594}.Debug|Any CPU.Build.0 = Debug|Any CPU
		{93B05280-B9B7-4917-83AF-75AF75CDA594}.Release|Any CPU.ActiveCfg = Release|Any CPU
		{93B05280-B9B7-4917-83AF-75AF75CDA594}.Release|Any CPU.Build.0 = Release|Any CPU
		{41E29C2D-2E46-4B46-A949-BF620B7A8074}.Debug|Any CPU.ActiveCfg = Debug|Any CPU
		{41E29C2D-2E46-4B46-A949-BF620B7A8074}.Debug|Any CPU.Build.0 = Debug|Any CPU
		{41E29C2D-2E46-4B46-A949-BF620B7A8074}.Release|Any CPU.ActiveCfg = Release|Any CPU
		{41E29C2D-2E46-4B46-A949-BF620B7A8074}.Release|Any CPU.Build.0 = Release|Any CPU
		{9BA20664-1502-4F84-8D33-7D2E1A66FE84}.Debug|Any CPU.ActiveCfg = Debug|Any CPU
		{9BA20664-1502-4F84-8D33-7D2E1A66FE84}.Debug|Any CPU.Build.0 = Debug|Any CPU
		{9BA20664-1502-4F84-8D33-7D2E1A66FE84}.Release|Any CPU.ActiveCfg = Release|Any CPU
		{9BA20664-1502-4F84-8D33-7D2E1A66FE84}.Release|Any CPU.Build.0 = Release|Any CPU
		{13B75255-8B69-4A50-94AE-A544D68C942E}.Debug|Any CPU.ActiveCfg = Debug|Any CPU
		{13B75255-8B69-4A50-94AE-A544D68C942E}.Debug|Any CPU.Build.0 = Debug|Any CPU
		{13B75255-8B69-4A50-94AE-A544D68C942E}.Release|Any CPU.ActiveCfg = Release|Any CPU
		{13B75255-8B69-4A50-94AE-A544D68C942E}.Release|Any CPU.Build.0 = Release|Any CPU
		{76B3BB16-FC61-4734-8CDD-C9D187D5A61D}.Debug|Any CPU.ActiveCfg = Debug|Any CPU
		{76B3BB16-FC61-4734-8CDD-C9D187D5A61D}.Debug|Any CPU.Build.0 = Debug|Any CPU
		{76B3BB16-FC61-4734-8CDD-C9D187D5A61D}.Release|Any CPU.ActiveCfg = Release|Any CPU
		{76B3BB16-FC61-4734-8CDD-C9D187D5A61D}.Release|Any CPU.Build.0 = Release|Any CPU
		{E4E9F974-AC05-4614-9984-D3D0048E658B}.Debug|Any CPU.ActiveCfg = Debug|Any CPU
		{E4E9F974-AC05-4614-9984-D3D0048E658B}.Debug|Any CPU.Build.0 = Debug|Any CPU
		{E4E9F974-AC05-4614-9984-D3D0048E658B}.Release|Any CPU.ActiveCfg = Release|Any CPU
		{E4E9F974-AC05-4614-9984-D3D0048E658B}.Release|Any CPU.Build.0 = Release|Any CPU
		{63066692-4CEF-4071-B3C4-DF38E1740C92}.Debug|Any CPU.ActiveCfg = Debug|Any CPU
		{63066692-4CEF-4071-B3C4-DF38E1740C92}.Debug|Any CPU.Build.0 = Debug|Any CPU
		{63066692-4CEF-4071-B3C4-DF38E1740C92}.Release|Any CPU.ActiveCfg = Release|Any CPU
		{63066692-4CEF-4071-B3C4-DF38E1740C92}.Release|Any CPU.Build.0 = Release|Any CPU
		{BE3B0D71-4689-4E69-A957-7A7569D97175}.Debug|Any CPU.ActiveCfg = Debug|Any CPU
		{BE3B0D71-4689-4E69-A957-7A7569D97175}.Debug|Any CPU.Build.0 = Debug|Any CPU
		{BE3B0D71-4689-4E69-A957-7A7569D97175}.Release|Any CPU.ActiveCfg = Release|Any CPU
		{BE3B0D71-4689-4E69-A957-7A7569D97175}.Release|Any CPU.Build.0 = Release|Any CPU
		{27DFE46F-8C7C-48D1-8769-F8DB83BA2932}.Debug|Any CPU.ActiveCfg = Debug|Any CPU
		{27DFE46F-8C7C-48D1-8769-F8DB83BA2932}.Debug|Any CPU.Build.0 = Debug|Any CPU
		{27DFE46F-8C7C-48D1-8769-F8DB83BA2932}.Release|Any CPU.ActiveCfg = Release|Any CPU
		{27DFE46F-8C7C-48D1-8769-F8DB83BA2932}.Release|Any CPU.Build.0 = Release|Any CPU
		{B9833BE3-AA4A-42B9-9A6A-CC30D5292A6E}.Debug|Any CPU.ActiveCfg = Debug|Any CPU
		{B9833BE3-AA4A-42B9-9A6A-CC30D5292A6E}.Debug|Any CPU.Build.0 = Debug|Any CPU
		{B9833BE3-AA4A-42B9-9A6A-CC30D5292A6E}.Release|Any CPU.ActiveCfg = Release|Any CPU
		{B9833BE3-AA4A-42B9-9A6A-CC30D5292A6E}.Release|Any CPU.Build.0 = Release|Any CPU
		{480CA81F-FA9D-44DC-B0BD-CC6CED28394B}.Debug|Any CPU.ActiveCfg = Debug|Any CPU
		{480CA81F-FA9D-44DC-B0BD-CC6CED28394B}.Debug|Any CPU.Build.0 = Debug|Any CPU
		{480CA81F-FA9D-44DC-B0BD-CC6CED28394B}.Release|Any CPU.ActiveCfg = Release|Any CPU
		{480CA81F-FA9D-44DC-B0BD-CC6CED28394B}.Release|Any CPU.Build.0 = Release|Any CPU
		{BE2FE9B7-1F57-4725-AA77-B2288F44EE2D}.Debug|Any CPU.ActiveCfg = Debug|Any CPU
		{BE2FE9B7-1F57-4725-AA77-B2288F44EE2D}.Debug|Any CPU.Build.0 = Debug|Any CPU
		{BE2FE9B7-1F57-4725-AA77-B2288F44EE2D}.Release|Any CPU.ActiveCfg = Release|Any CPU
		{BE2FE9B7-1F57-4725-AA77-B2288F44EE2D}.Release|Any CPU.Build.0 = Release|Any CPU
	EndGlobalSection
	GlobalSection(SolutionProperties) = preSolution
		HideSolutionNode = FALSE
	EndGlobalSection
EndGlobal
